
Microsoft Visual Studio Solution File, Format Version 12.00
# Visual Studio Version 16
VisualStudioVersion = 16.0.31515.178
MinimumVisualStudioVersion = 10.0.40219.1
Project("{FAE04EC0-301F-11D3-BF4B-00C04F79EFBC}") = "OperatorsExercise", "OperatorsExercise\OperatorsExercise.csproj", "{6DF35836-A82F-47D2-A61D-936E8BFD9DB3}"
EndProject
Global
	GlobalSection(SolutionConfigurationPlatforms) = preSolution
		Debug|Any CPU = Debug|Any CPU
		Release|Any CPU = Release|Any CPU
	EndGlobalSection
	GlobalSection(ProjectConfigurationPlatforms) = postSolution
		{6DF35836-A82F-47D2-A61D-936E8BFD9DB3}.Debug|Any CPU.ActiveCfg = Debug|Any CPU
		{6DF35836-A82F-47D2-A61D-936E8BFD9DB3}.Debug|Any CPU.Build.0 = Debug|Any CPU
		{6DF35836-A82F-47D2-A61D-936E8BFD9DB3}.Release|Any CPU.ActiveCfg = Release|Any CPU
		{6DF35836-A82F-47D2-A61D-936E8BFD9DB3}.Release|Any CPU.Build.0 = Release|Any CPU
	EndGlobalSection
	GlobalSection(SolutionProperties) = preSolution
		HideSolutionNode = FALSE
	EndGlobalSection
	GlobalSection(ExtensibilityGlobals) = postSolution
		SolutionGuid = {7DAD7679-596C-4D39-9AFF-A9CBFDA464B2}
	EndGlobalSection
EndGlobal
